
Microsoft Visual Studio Solution File, Format Version 12.00
# Visual Studio Version 17
VisualStudioVersion = 17.2.32630.192
MinimumVisualStudioVersion = 10.0.40219.1
Project("{FAE04EC0-301F-11D3-BF4B-00C04F79EFBC}") = "EfCoreDbFirst", "EfCoreDbFirst\EfCoreDbFirst.csproj", "{D5A3FEE4-D0FD-42F3-BEC1-6113B1EC34CF}"
EndProject
Global
	GlobalSection(SolutionConfigurationPlatforms) = preSolution
		Debug|Any CPU = Debug|Any CPU
		Release|Any CPU = Release|Any CPU
	EndGlobalSection
	GlobalSection(ProjectConfigurationPlatforms) = postSolution
		{D5A3FEE4-D0FD-42F3-BEC1-6113B1EC34CF}.Debug|Any CPU.ActiveCfg = Debug|Any CPU
		{D5A3FEE4-D0FD-42F3-BEC1-6113B1EC34CF}.Debug|Any CPU.Build.0 = Debug|Any CPU
		{D5A3FEE4-D0FD-42F3-BEC1-6113B1EC34CF}.Release|Any CPU.ActiveCfg = Release|Any CPU
		{D5A3FEE4-D0FD-42F3-BEC1-6113B1EC34CF}.Release|Any CPU.Build.0 = Release|Any CPU
	EndGlobalSection
	GlobalSection(SolutionProperties) = preSolution
		HideSolutionNode = FALSE
	EndGlobalSection
	GlobalSection(ExtensibilityGlobals) = postSolution
		SolutionGuid = {ED4F2F1F-EFD2-49BC-990C-54315E538E99}
	EndGlobalSection
EndGlobal
